// !$*UTF8*$!
{
	archiveVersion = 1;
	classes = {
	};
	objectVersion = 46;
	objects = {

/* Begin PBXBuildFile section */
		32ABCD4C1626DDA000C8CB44 /* UIKit.framework in Frameworks */ = {isa = PBXBuildFile; fileRef = 32ABCD4B1626DDA000C8CB44 /* UIKit.framework */; };
		32ABCD4E1626DDA000C8CB44 /* Foundation.framework in Frameworks */ = {isa = PBXBuildFile; fileRef = 32ABCD4D1626DDA000C8CB44 /* Foundation.framework */; };
		32ABCD501626DDA000C8CB44 /* CoreGraphics.framework in Frameworks */ = {isa = PBXBuildFile; fileRef = 32ABCD4F1626DDA000C8CB44 /* CoreGraphics.framework */; };
		32ABCD561626DDA000C8CB44 /* InfoPlist.strings in Resources */ = {isa = PBXBuildFile; fileRef = 32ABCD541626DDA000C8CB44 /* InfoPlist.strings */; };
		32ABCD581626DDA000C8CB44 /* main.m in Sources */ = {isa = PBXBuildFile; fileRef = 32ABCD571626DDA000C8CB44 /* main.m */; };
		32ABCD5C1626DDA000C8CB44 /* AppDelegate.m in Sources */ = {isa = PBXBuildFile; fileRef = 32ABCD5B1626DDA000C8CB44 /* AppDelegate.m */; };
		32ABCD6E1626DF0400C8CB44 /* SeaechKindViewController.m in Sources */ = {isa = PBXBuildFile; fileRef = 32ABCD6C1626DF0400C8CB44 /* SeaechKindViewController.m */; };
		32ABCD6F1626DF0400C8CB44 /* SeaechKindViewController.xib in Resources */ = {isa = PBXBuildFile; fileRef = 32ABCD6D1626DF0400C8CB44 /* SeaechKindViewController.xib */; };
		32ABCD971626F50300C8CB44 /* NSObject+SBJson.m in Sources */ = {isa = PBXBuildFile; fileRef = 32ABCD7F1626F50300C8CB44 /* NSObject+SBJson.m */; };
		32ABCD981626F50300C8CB44 /* SBJsonParser.m in Sources */ = {isa = PBXBuildFile; fileRef = 32ABCD821626F50300C8CB44 /* SBJsonParser.m */; };
		32ABCD991626F50300C8CB44 /* SBJsonStreamParser.m in Sources */ = {isa = PBXBuildFile; fileRef = 32ABCD841626F50300C8CB44 /* SBJsonStreamParser.m */; };
		32ABCD9A1626F50300C8CB44 /* SBJsonStreamParserAccumulator.m in Sources */ = {isa = PBXBuildFile; fileRef = 32ABCD861626F50300C8CB44 /* SBJsonStreamParserAccumulator.m */; };
		32ABCD9B1626F50300C8CB44 /* SBJsonStreamParserAdapter.m in Sources */ = {isa = PBXBuildFile; fileRef = 32ABCD881626F50300C8CB44 /* SBJsonStreamParserAdapter.m */; };
		32ABCD9C1626F50300C8CB44 /* SBJsonStreamParserState.m in Sources */ = {isa = PBXBuildFile; fileRef = 32ABCD8A1626F50300C8CB44 /* SBJsonStreamParserState.m */; };
		32ABCD9D1626F50300C8CB44 /* SBJsonStreamWriter.m in Sources */ = {isa = PBXBuildFile; fileRef = 32ABCD8C1626F50300C8CB44 /* SBJsonStreamWriter.m */; };
		32ABCD9E1626F50300C8CB44 /* SBJsonStreamWriterAccumulator.m in Sources */ = {isa = PBXBuildFile; fileRef = 32ABCD8E1626F50300C8CB44 /* SBJsonStreamWriterAccumulator.m */; };
		32ABCD9F1626F50300C8CB44 /* SBJsonStreamWriterState.m in Sources */ = {isa = PBXBuildFile; fileRef = 32ABCD901626F50300C8CB44 /* SBJsonStreamWriterState.m */; };
		32ABCDA01626F50300C8CB44 /* SBJsonTokeniser.m in Sources */ = {isa = PBXBuildFile; fileRef = 32ABCD921626F50300C8CB44 /* SBJsonTokeniser.m */; };
		32ABCDA11626F50300C8CB44 /* SBJsonUTF8Stream.m in Sources */ = {isa = PBXBuildFile; fileRef = 32ABCD941626F50300C8CB44 /* SBJsonUTF8Stream.m */; };
		32ABCDA21626F50300C8CB44 /* SBJsonWriter.m in Sources */ = {isa = PBXBuildFile; fileRef = 32ABCD961626F50300C8CB44 /* SBJsonWriter.m */; };
		32ABCDD61626F57D00C8CB44 /* ASIAuthenticationDialog.m in Sources */ = {isa = PBXBuildFile; fileRef = 32ABCDA61626F57D00C8CB44 /* ASIAuthenticationDialog.m */; };
		32ABCDD71626F57D00C8CB44 /* ASIDataCompressor.m in Sources */ = {isa = PBXBuildFile; fileRef = 32ABCDA91626F57D00C8CB44 /* ASIDataCompressor.m */; };
		32ABCDD81626F57D00C8CB44 /* ASIDataDecompressor.m in Sources */ = {isa = PBXBuildFile; fileRef = 32ABCDAB1626F57D00C8CB44 /* ASIDataDecompressor.m */; };
		32ABCDD91626F57D00C8CB44 /* ASIDownloadCache.m in Sources */ = {isa = PBXBuildFile; fileRef = 32ABCDAD1626F57D00C8CB44 /* ASIDownloadCache.m */; };
		32ABCDDA1626F57D00C8CB44 /* ASIFormDataRequest.m in Sources */ = {isa = PBXBuildFile; fileRef = 32ABCDAF1626F57D00C8CB44 /* ASIFormDataRequest.m */; };
		32ABCDDB1626F57D00C8CB44 /* ASIHTTPRequest.m in Sources */ = {isa = PBXBuildFile; fileRef = 32ABCDB11626F57D00C8CB44 /* ASIHTTPRequest.m */; };
		32ABCDDC1626F57D00C8CB44 /* ASIInputStream.m in Sources */ = {isa = PBXBuildFile; fileRef = 32ABCDB51626F57D00C8CB44 /* ASIInputStream.m */; };
		32ABCDDD1626F57D00C8CB44 /* ASINetworkQueue.m in Sources */ = {isa = PBXBuildFile; fileRef = 32ABCDB71626F57D00C8CB44 /* ASINetworkQueue.m */; };
		32ABCDDE1626F57D00C8CB44 /* ASICloudFilesCDNRequest.m in Sources */ = {isa = PBXBuildFile; fileRef = 32ABCDBB1626F57D00C8CB44 /* ASICloudFilesCDNRequest.m */; };
		32ABCDDF1626F57D00C8CB44 /* ASICloudFilesContainer.m in Sources */ = {isa = PBXBuildFile; fileRef = 32ABCDBD1626F57D00C8CB44 /* ASICloudFilesContainer.m */; };
		32ABCDE01626F57D00C8CB44 /* ASICloudFilesContainerRequest.m in Sources */ = {isa = PBXBuildFile; fileRef = 32ABCDBF1626F57D00C8CB44 /* ASICloudFilesContainerRequest.m */; };
		32ABCDE11626F57D00C8CB44 /* ASICloudFilesContainerXMLParserDelegate.m in Sources */ = {isa = PBXBuildFile; fileRef = 32ABCDC11626F57D00C8CB44 /* ASICloudFilesContainerXMLParserDelegate.m */; };
		32ABCDE21626F57D00C8CB44 /* ASICloudFilesObject.m in Sources */ = {isa = PBXBuildFile; fileRef = 32ABCDC31626F57D00C8CB44 /* ASICloudFilesObject.m */; };
		32ABCDE31626F57D00C8CB44 /* ASICloudFilesObjectRequest.m in Sources */ = {isa = PBXBuildFile; fileRef = 32ABCDC51626F57D00C8CB44 /* ASICloudFilesObjectRequest.m */; };
		32ABCDE41626F57D00C8CB44 /* ASICloudFilesRequest.m in Sources */ = {isa = PBXBuildFile; fileRef = 32ABCDC71626F57D00C8CB44 /* ASICloudFilesRequest.m */; };
		32ABCDE51626F57D00C8CB44 /* ASIS3Bucket.m in Sources */ = {isa = PBXBuildFile; fileRef = 32ABCDCB1626F57D00C8CB44 /* ASIS3Bucket.m */; };
		32ABCDE61626F57D00C8CB44 /* ASIS3BucketObject.m in Sources */ = {isa = PBXBuildFile; fileRef = 32ABCDCD1626F57D00C8CB44 /* ASIS3BucketObject.m */; };
		32ABCDE71626F57D00C8CB44 /* ASIS3BucketRequest.m in Sources */ = {isa = PBXBuildFile; fileRef = 32ABCDCF1626F57D00C8CB44 /* ASIS3BucketRequest.m */; };
		32ABCDE81626F57D00C8CB44 /* ASIS3ObjectRequest.m in Sources */ = {isa = PBXBuildFile; fileRef = 32ABCDD11626F57D00C8CB44 /* ASIS3ObjectRequest.m */; };
		32ABCDE91626F57D00C8CB44 /* ASIS3Request.m in Sources */ = {isa = PBXBuildFile; fileRef = 32ABCDD31626F57D00C8CB44 /* ASIS3Request.m */; };
		32ABCDEA1626F57D00C8CB44 /* ASIS3ServiceRequest.m in Sources */ = {isa = PBXBuildFile; fileRef = 32ABCDD51626F57D00C8CB44 /* ASIS3ServiceRequest.m */; };
		32ABCE001627058800C8CB44 /* CheckNetwork.m in Sources */ = {isa = PBXBuildFile; fileRef = 32ABCDFD1627058800C8CB44 /* CheckNetwork.m */; };
		32ABCE011627058800C8CB44 /* Reachability.m in Sources */ = {isa = PBXBuildFile; fileRef = 32ABCDFF1627058800C8CB44 /* Reachability.m */; };
		32ABCE04162705E800C8CB44 /* CFNetwork.framework in Frameworks */ = {isa = PBXBuildFile; fileRef = 32ABCE03162705E700C8CB44 /* CFNetwork.framework */; };
		32ABCE061627064100C8CB44 /* libz.dylib in Frameworks */ = {isa = PBXBuildFile; fileRef = 32ABCE051627064100C8CB44 /* libz.dylib */; };
		32ABCE0A162706D500C8CB44 /* QuartzCore.framework in Frameworks */ = {isa = PBXBuildFile; fileRef = 32ABCE09162706D500C8CB44 /* QuartzCore.framework */; };
		32ABCE0C162706EC00C8CB44 /* SystemConfiguration.framework in Frameworks */ = {isa = PBXBuildFile; fileRef = 32ABCE0B162706EC00C8CB44 /* SystemConfiguration.framework */; };
		32ABCE101627074300C8CB44 /* MobileCoreServices.framework in Frameworks */ = {isa = PBXBuildFile; fileRef = 32ABCE0F1627074300C8CB44 /* MobileCoreServices.framework */; };
		32ABCE291627BBBB00C8CB44 /* searchResultCell.m in Sources */ = {isa = PBXBuildFile; fileRef = 32ABCE281627BBBB00C8CB44 /* searchResultCell.m */; };
		32ABCE301627BC8000C8CB44 /* FLImageView.m in Sources */ = {isa = PBXBuildFile; fileRef = 32ABCE2C1627BC8000C8CB44 /* FLImageView.m */; };
		32ABCE311627BC8000C8CB44 /* FullyLoaded.m in Sources */ = {isa = PBXBuildFile; fileRef = 32ABCE2E1627BC8000C8CB44 /* FullyLoaded.m */; };
		32ABCE4516280C9600C8CB44 /* DetailViewController.m in Sources */ = {isa = PBXBuildFile; fileRef = 32ABCE4216280C9600C8CB44 /* DetailViewController.m */; };
		32ABCE4616280C9600C8CB44 /* DetailViewController.xib in Resources */ = {isa = PBXBuildFile; fileRef = 32ABCE4316280C9600C8CB44 /* DetailViewController.xib */; };
/* End PBXBuildFile section */

/* Begin PBXFileReference section */
		32ABCD471626DDA000C8CB44 /* SearchDouban.app */ = {isa = PBXFileReference; explicitFileType = wrapper.application; includeInIndex = 0; path = SearchDouban.app; sourceTree = BUILT_PRODUCTS_DIR; };
		32ABCD4B1626DDA000C8CB44 /* UIKit.framework */ = {isa = PBXFileReference; lastKnownFileType = wrapper.framework; name = UIKit.framework; path = System/Library/Frameworks/UIKit.framework; sourceTree = SDKROOT; };
		32ABCD4D1626DDA000C8CB44 /* Foundation.framework */ = {isa = PBXFileReference; lastKnownFileType = wrapper.framework; name = Foundation.framework; path = System/Library/Frameworks/Foundation.framework; sourceTree = SDKROOT; };
		32ABCD4F1626DDA000C8CB44 /* CoreGraphics.framework */ = {isa = PBXFileReference; lastKnownFileType = wrapper.framework; name = CoreGraphics.framework; path = System/Library/Frameworks/CoreGraphics.framework; sourceTree = SDKROOT; };
		32ABCD531626DDA000C8CB44 /* SearchDouban-Info.plist */ = {isa = PBXFileReference; lastKnownFileType = text.plist.xml; path = "SearchDouban-Info.plist"; sourceTree = "<group>"; };
		32ABCD551626DDA000C8CB44 /* en */ = {isa = PBXFileReference; lastKnownFileType = text.plist.strings; name = en; path = en.lproj/InfoPlist.strings; sourceTree = "<group>"; };
		32ABCD571626DDA000C8CB44 /* main.m */ = {isa = PBXFileReference; lastKnownFileType = sourcecode.c.objc; path = main.m; sourceTree = "<group>"; };
		32ABCD591626DDA000C8CB44 /* SearchDouban-Prefix.pch */ = {isa = PBXFileReference; lastKnownFileType = sourcecode.c.h; path = "SearchDouban-Prefix.pch"; sourceTree = "<group>"; };
		32ABCD5A1626DDA000C8CB44 /* AppDelegate.h */ = {isa = PBXFileReference; lastKnownFileType = sourcecode.c.h; path = AppDelegate.h; sourceTree = "<group>"; };
		32ABCD5B1626DDA000C8CB44 /* AppDelegate.m */ = {isa = PBXFileReference; lastKnownFileType = sourcecode.c.objc; path = AppDelegate.m; sourceTree = "<group>"; };
		32ABCD6B1626DF0400C8CB44 /* SeaechKindViewController.h */ = {isa = PBXFileReference; fileEncoding = 4; lastKnownFileType = sourcecode.c.h; path = SeaechKindViewController.h; sourceTree = "<group>"; };
		32ABCD6C1626DF0400C8CB44 /* SeaechKindViewController.m */ = {isa = PBXFileReference; fileEncoding = 4; lastKnownFileType = sourcecode.c.objc; path = SeaechKindViewController.m; sourceTree = "<group>"; };
		32ABCD6D1626DF0400C8CB44 /* SeaechKindViewController.xib */ = {isa = PBXFileReference; fileEncoding = 4; lastKnownFileType = file.xib; path = SeaechKindViewController.xib; sourceTree = "<group>"; };
		32ABCD7C1626EA0E00C8CB44 /* MacroDef.h */ = {isa = PBXFileReference; fileEncoding = 4; lastKnownFileType = sourcecode.c.h; path = MacroDef.h; sourceTree = "<group>"; };
		32ABCD7E1626F50300C8CB44 /* NSObject+SBJson.h */ = {isa = PBXFileReference; fileEncoding = 4; lastKnownFileType = sourcecode.c.h; name = "NSObject+SBJson.h"; path = "SBJson/NSObject+SBJson.h"; sourceTree = "<group>"; };
		32ABCD7F1626F50300C8CB44 /* NSObject+SBJson.m */ = {isa = PBXFileReference; fileEncoding = 4; lastKnownFileType = sourcecode.c.objc; name = "NSObject+SBJson.m"; path = "SBJson/NSObject+SBJson.m"; sourceTree = "<group>"; };
		32ABCD801626F50300C8CB44 /* SBJson.h */ = {isa = PBXFileReference; fileEncoding = 4; lastKnownFileType = sourcecode.c.h; name = SBJson.h; path = SBJson/SBJson.h; sourceTree = "<group>"; };
		32ABCD811626F50300C8CB44 /* SBJsonParser.h */ = {isa = PBXFileReference; fileEncoding = 4; lastKnownFileType = sourcecode.c.h; name = SBJsonParser.h; path = SBJson/SBJsonParser.h; sourceTree = "<group>"; };
		32ABCD821626F50300C8CB44 /* SBJsonParser.m */ = {isa = PBXFileReference; fileEncoding = 4; lastKnownFileType = sourcecode.c.objc; name = SBJsonParser.m; path = SBJson/SBJsonParser.m; sourceTree = "<group>"; };
		32ABCD831626F50300C8CB44 /* SBJsonStreamParser.h */ = {isa = PBXFileReference; fileEncoding = 4; lastKnownFileType = sourcecode.c.h; name = SBJsonStreamParser.h; path = SBJson/SBJsonStreamParser.h; sourceTree = "<group>"; };
		32ABCD841626F50300C8CB44 /* SBJsonStreamParser.m */ = {isa = PBXFileReference; fileEncoding = 4; lastKnownFileType = sourcecode.c.objc; name = SBJsonStreamParser.m; path = SBJson/SBJsonStreamParser.m; sourceTree = "<group>"; };
		32ABCD851626F50300C8CB44 /* SBJsonStreamParserAccumulator.h */ = {isa = PBXFileReference; fileEncoding = 4; lastKnownFileType = sourcecode.c.h; name = SBJsonStreamParserAccumulator.h; path = SBJson/SBJsonStreamParserAccumulator.h; sourceTree = "<group>"; };
		32ABCD861626F50300C8CB44 /* SBJsonStreamParserAccumulator.m */ = {isa = PBXFileReference; fileEncoding = 4; lastKnownFileType = sourcecode.c.objc; name = SBJsonStreamParserAccumulator.m; path = SBJson/SBJsonStreamParserAccumulator.m; sourceTree = "<group>"; };
		32ABCD871626F50300C8CB44 /* SBJsonStreamParserAdapter.h */ = {isa = PBXFileReference; fileEncoding = 4; lastKnownFileType = sourcecode.c.h; name = SBJsonStreamParserAdapter.h; path = SBJson/SBJsonStreamParserAdapter.h; sourceTree = "<group>"; };
		32ABCD881626F50300C8CB44 /* SBJsonStreamParserAdapter.m */ = {isa = PBXFileReference; fileEncoding = 4; lastKnownFileType = sourcecode.c.objc; name = SBJsonStreamParserAdapter.m; path = SBJson/SBJsonStreamParserAdapter.m; sourceTree = "<group>"; };
		32ABCD891626F50300C8CB44 /* SBJsonStreamParserState.h */ = {isa = PBXFileReference; fileEncoding = 4; lastKnownFileType = sourcecode.c.h; name = SBJsonStreamParserState.h; path = SBJson/SBJsonStreamParserState.h; sourceTree = "<group>"; };
		32ABCD8A1626F50300C8CB44 /* SBJsonStreamParserState.m */ = {isa = PBXFileReference; fileEncoding = 4; lastKnownFileType = sourcecode.c.objc; name = SBJsonStreamParserState.m; path = SBJson/SBJsonStreamParserState.m; sourceTree = "<group>"; };
		32ABCD8B1626F50300C8CB44 /* SBJsonStreamWriter.h */ = {isa = PBXFileReference; fileEncoding = 4; lastKnownFileType = sourcecode.c.h; name = SBJsonStreamWriter.h; path = SBJson/SBJsonStreamWriter.h; sourceTree = "<group>"; };
		32ABCD8C1626F50300C8CB44 /* SBJsonStreamWriter.m */ = {isa = PBXFileReference; fileEncoding = 4; lastKnownFileType = sourcecode.c.objc; name = SBJsonStreamWriter.m; path = SBJson/SBJsonStreamWriter.m; sourceTree = "<group>"; };
		32ABCD8D1626F50300C8CB44 /* SBJsonStreamWriterAccumulator.h */ = {isa = PBXFileReference; fileEncoding = 4; lastKnownFileType = sourcecode.c.h; name = SBJsonStreamWriterAccumulator.h; path = SBJson/SBJsonStreamWriterAccumulator.h; sourceTree = "<group>"; };
		32ABCD8E1626F50300C8CB44 /* SBJsonStreamWriterAccumulator.m */ = {isa = PBXFileReference; fileEncoding = 4; lastKnownFileType = sourcecode.c.objc; name = SBJsonStreamWriterAccumulator.m; path = SBJson/SBJsonStreamWriterAccumulator.m; sourceTree = "<group>"; };
		32ABCD8F1626F50300C8CB44 /* SBJsonStreamWriterState.h */ = {isa = PBXFileReference; fileEncoding = 4; lastKnownFileType = sourcecode.c.h; name = SBJsonStreamWriterState.h; path = SBJson/SBJsonStreamWriterState.h; sourceTree = "<group>"; };
		32ABCD901626F50300C8CB44 /* SBJsonStreamWriterState.m */ = {isa = PBXFileReference; fileEncoding = 4; lastKnownFileType = sourcecode.c.objc; name = SBJsonStreamWriterState.m; path = SBJson/SBJsonStreamWriterState.m; sourceTree = "<group>"; };
		32ABCD911626F50300C8CB44 /* SBJsonTokeniser.h */ = {isa = PBXFileReference; fileEncoding = 4; lastKnownFileType = sourcecode.c.h; name = SBJsonTokeniser.h; path = SBJson/SBJsonTokeniser.h; sourceTree = "<group>"; };
		32ABCD921626F50300C8CB44 /* SBJsonTokeniser.m */ = {isa = PBXFileReference; fileEncoding = 4; lastKnownFileType = sourcecode.c.objc; name = SBJsonTokeniser.m; path = SBJson/SBJsonTokeniser.m; sourceTree = "<group>"; };
		32ABCD931626F50300C8CB44 /* SBJsonUTF8Stream.h */ = {isa = PBXFileReference; fileEncoding = 4; lastKnownFileType = sourcecode.c.h; name = SBJsonUTF8Stream.h; path = SBJson/SBJsonUTF8Stream.h; sourceTree = "<group>"; };
		32ABCD941626F50300C8CB44 /* SBJsonUTF8Stream.m */ = {isa = PBXFileReference; fileEncoding = 4; lastKnownFileType = sourcecode.c.objc; name = SBJsonUTF8Stream.m; path = SBJson/SBJsonUTF8Stream.m; sourceTree = "<group>"; };
		32ABCD951626F50300C8CB44 /* SBJsonWriter.h */ = {isa = PBXFileReference; fileEncoding = 4; lastKnownFileType = sourcecode.c.h; name = SBJsonWriter.h; path = SBJson/SBJsonWriter.h; sourceTree = "<group>"; };
		32ABCD961626F50300C8CB44 /* SBJsonWriter.m */ = {isa = PBXFileReference; fileEncoding = 4; lastKnownFileType = sourcecode.c.objc; name = SBJsonWriter.m; path = SBJson/SBJsonWriter.m; sourceTree = "<group>"; };
		32ABCDA51626F57D00C8CB44 /* ASIAuthenticationDialog.h */ = {isa = PBXFileReference; fileEncoding = 4; lastKnownFileType = sourcecode.c.h; path = ASIAuthenticationDialog.h; sourceTree = "<group>"; };
		32ABCDA61626F57D00C8CB44 /* ASIAuthenticationDialog.m */ = {isa = PBXFileReference; fileEncoding = 4; lastKnownFileType = sourcecode.c.objc; path = ASIAuthenticationDialog.m; sourceTree = "<group>"; };
		32ABCDA71626F57D00C8CB44 /* ASICacheDelegate.h */ = {isa = PBXFileReference; fileEncoding = 4; lastKnownFileType = sourcecode.c.h; path = ASICacheDelegate.h; sourceTree = "<group>"; };
		32ABCDA81626F57D00C8CB44 /* ASIDataCompressor.h */ = {isa = PBXFileReference; fileEncoding = 4; lastKnownFileType = sourcecode.c.h; path = ASIDataCompressor.h; sourceTree = "<group>"; };
		32ABCDA91626F57D00C8CB44 /* ASIDataCompressor.m */ = {isa = PBXFileReference; fileEncoding = 4; lastKnownFileType = sourcecode.c.objc; path = ASIDataCompressor.m; sourceTree = "<group>"; };
		32ABCDAA1626F57D00C8CB44 /* ASIDataDecompressor.h */ = {isa = PBXFileReference; fileEncoding = 4; lastKnownFileType = sourcecode.c.h; path = ASIDataDecompressor.h; sourceTree = "<group>"; };
		32ABCDAB1626F57D00C8CB44 /* ASIDataDecompressor.m */ = {isa = PBXFileReference; fileEncoding = 4; lastKnownFileType = sourcecode.c.objc; path = ASIDataDecompressor.m; sourceTree = "<group>"; };
		32ABCDAC1626F57D00C8CB44 /* ASIDownloadCache.h */ = {isa = PBXFileReference; fileEncoding = 4; lastKnownFileType = sourcecode.c.h; path = ASIDownloadCache.h; sourceTree = "<group>"; };
		32ABCDAD1626F57D00C8CB44 /* ASIDownloadCache.m */ = {isa = PBXFileReference; fileEncoding = 4; lastKnownFileType = sourcecode.c.objc; path = ASIDownloadCache.m; sourceTree = "<group>"; };
		32ABCDAE1626F57D00C8CB44 /* ASIFormDataRequest.h */ = {isa = PBXFileReference; fileEncoding = 4; lastKnownFileType = sourcecode.c.h; path = ASIFormDataRequest.h; sourceTree = "<group>"; };
		32ABCDAF1626F57D00C8CB44 /* ASIFormDataRequest.m */ = {isa = PBXFileReference; fileEncoding = 4; lastKnownFileType = sourcecode.c.objc; path = ASIFormDataRequest.m; sourceTree = "<group>"; };
		32ABCDB01626F57D00C8CB44 /* ASIHTTPRequest.h */ = {isa = PBXFileReference; fileEncoding = 4; lastKnownFileType = sourcecode.c.h; path = ASIHTTPRequest.h; sourceTree = "<group>"; };
		32ABCDB11626F57D00C8CB44 /* ASIHTTPRequest.m */ = {isa = PBXFileReference; fileEncoding = 4; lastKnownFileType = sourcecode.c.objc; path = ASIHTTPRequest.m; sourceTree = "<group>"; };
		32ABCDB21626F57D00C8CB44 /* ASIHTTPRequestConfig.h */ = {isa = PBXFileReference; fileEncoding = 4; lastKnownFileType = sourcecode.c.h; path = ASIHTTPRequestConfig.h; sourceTree = "<group>"; };
		32ABCDB31626F57D00C8CB44 /* ASIHTTPRequestDelegate.h */ = {isa = PBXFileReference; fileEncoding = 4; lastKnownFileType = sourcecode.c.h; path = ASIHTTPRequestDelegate.h; sourceTree = "<group>"; };
		32ABCDB41626F57D00C8CB44 /* ASIInputStream.h */ = {isa = PBXFileReference; fileEncoding = 4; lastKnownFileType = sourcecode.c.h; path = ASIInputStream.h; sourceTree = "<group>"; };
		32ABCDB51626F57D00C8CB44 /* ASIInputStream.m */ = {isa = PBXFileReference; fileEncoding = 4; lastKnownFileType = sourcecode.c.objc; path = ASIInputStream.m; sourceTree = "<group>"; };
		32ABCDB61626F57D00C8CB44 /* ASINetworkQueue.h */ = {isa = PBXFileReference; fileEncoding = 4; lastKnownFileType = sourcecode.c.h; path = ASINetworkQueue.h; sourceTree = "<group>"; };
		32ABCDB71626F57D00C8CB44 /* ASINetworkQueue.m */ = {isa = PBXFileReference; fileEncoding = 4; lastKnownFileType = sourcecode.c.objc; path = ASINetworkQueue.m; sourceTree = "<group>"; };
		32ABCDB81626F57D00C8CB44 /* ASIProgressDelegate.h */ = {isa = PBXFileReference; fileEncoding = 4; lastKnownFileType = sourcecode.c.h; path = ASIProgressDelegate.h; sourceTree = "<group>"; };
		32ABCDBA1626F57D00C8CB44 /* ASICloudFilesCDNRequest.h */ = {isa = PBXFileReference; fileEncoding = 4; lastKnownFileType = sourcecode.c.h; path = ASICloudFilesCDNRequest.h; sourceTree = "<group>"; };
		32ABCDBB1626F57D00C8CB44 /* ASICloudFilesCDNRequest.m */ = {isa = PBXFileReference; fileEncoding = 4; lastKnownFileType = sourcecode.c.objc; path = ASICloudFilesCDNRequest.m; sourceTree = "<group>"; };
		32ABCDBC1626F57D00C8CB44 /* ASICloudFilesContainer.h */ = {isa = PBXFileReference; fileEncoding = 4; lastKnownFileType = sourcecode.c.h; path = ASICloudFilesContainer.h; sourceTree = "<group>"; };
		32ABCDBD1626F57D00C8CB44 /* ASICloudFilesContainer.m */ = {isa = PBXFileReference; fileEncoding = 4; lastKnownFileType = sourcecode.c.objc; path = ASICloudFilesContainer.m; sourceTree = "<group>"; };
		32ABCDBE1626F57D00C8CB44 /* ASICloudFilesContainerRequest.h */ = {isa = PBXFileReference; fileEncoding = 4; lastKnownFileType = sourcecode.c.h; path = ASICloudFilesContainerRequest.h; sourceTree = "<group>"; };
		32ABCDBF1626F57D00C8CB44 /* ASICloudFilesContainerRequest.m */ = {isa = PBXFileReference; fileEncoding = 4; lastKnownFileType = sourcecode.c.objc; path = ASICloudFilesContainerRequest.m; sourceTree = "<group>"; };
		32ABCDC01626F57D00C8CB44 /* ASICloudFilesContainerXMLParserDelegate.h */ = {isa = PBXFileReference; fileEncoding = 4; lastKnownFileType = sourcecode.c.h; path = ASICloudFilesContainerXMLParserDelegate.h; sourceTree = "<group>"; };
		32ABCDC11626F57D00C8CB44 /* ASICloudFilesContainerXMLParserDelegate.m */ = {isa = PBXFileReference; fileEncoding = 4; lastKnownFileType = sourcecode.c.objc; path = ASICloudFilesContainerXMLParserDelegate.m; sourceTree = "<group>"; };
		32ABCDC21626F57D00C8CB44 /* ASICloudFilesObject.h */ = {isa = PBXFileReference; fileEncoding = 4; lastKnownFileType = sourcecode.c.h; path = ASICloudFilesObject.h; sourceTree = "<group>"; };
		32ABCDC31626F57D00C8CB44 /* ASICloudFilesObject.m */ = {isa = PBXFileReference; fileEncoding = 4; lastKnownFileType = sourcecode.c.objc; path = ASICloudFilesObject.m; sourceTree = "<group>"; };
		32ABCDC41626F57D00C8CB44 /* ASICloudFilesObjectRequest.h */ = {isa = PBXFileReference; fileEncoding = 4; lastKnownFileType = sourcecode.c.h; path = ASICloudFilesObjectRequest.h; sourceTree = "<group>"; };
		32ABCDC51626F57D00C8CB44 /* ASICloudFilesObjectRequest.m */ = {isa = PBXFileReference; fileEncoding = 4; lastKnownFileType = sourcecode.c.objc; path = ASICloudFilesObjectRequest.m; sourceTree = "<group>"; };
		32ABCDC61626F57D00C8CB44 /* ASICloudFilesRequest.h */ = {isa = PBXFileReference; fileEncoding = 4; lastKnownFileType = sourcecode.c.h; path = ASICloudFilesRequest.h; sourceTree = "<group>"; };
		32ABCDC71626F57D00C8CB44 /* ASICloudFilesRequest.m */ = {isa = PBXFileReference; fileEncoding = 4; lastKnownFileType = sourcecode.c.objc; path = ASICloudFilesRequest.m; sourceTree = "<group>"; };
		32ABCDC91626F57D00C8CB44 /* ASINSXMLParserCompat.h */ = {isa = PBXFileReference; fileEncoding = 4; lastKnownFileType = sourcecode.c.h; path = ASINSXMLParserCompat.h; sourceTree = "<group>"; };
		32ABCDCA1626F57D00C8CB44 /* ASIS3Bucket.h */ = {isa = PBXFileReference; fileEncoding = 4; lastKnownFileType = sourcecode.c.h; path = ASIS3Bucket.h; sourceTree = "<group>"; };
		32ABCDCB1626F57D00C8CB44 /* ASIS3Bucket.m */ = {isa = PBXFileReference; fileEncoding = 4; lastKnownFileType = sourcecode.c.objc; path = ASIS3Bucket.m; sourceTree = "<group>"; };
		32ABCDCC1626F57D00C8CB44 /* ASIS3BucketObject.h */ = {isa = PBXFileReference; fileEncoding = 4; lastKnownFileType = sourcecode.c.h; path = ASIS3BucketObject.h; sourceTree = "<group>"; };
		32ABCDCD1626F57D00C8CB44 /* ASIS3BucketObject.m */ = {isa = PBXFileReference; fileEncoding = 4; lastKnownFileType = sourcecode.c.objc; path = ASIS3BucketObject.m; sourceTree = "<group>"; };
		32ABCDCE1626F57D00C8CB44 /* ASIS3BucketRequest.h */ = {isa = PBXFileReference; fileEncoding = 4; lastKnownFileType = sourcecode.c.h; path = ASIS3BucketRequest.h; sourceTree = "<group>"; };
		32ABCDCF1626F57D00C8CB44 /* ASIS3BucketRequest.m */ = {isa = PBXFileReference; fileEncoding = 4; lastKnownFileType = sourcecode.c.objc; path = ASIS3BucketRequest.m; sourceTree = "<group>"; };
		32ABCDD01626F57D00C8CB44 /* ASIS3ObjectRequest.h */ = {isa = PBXFileReference; fileEncoding = 4; lastKnownFileType = sourcecode.c.h; path = ASIS3ObjectRequest.h; sourceTree = "<group>"; };
		32ABCDD11626F57D00C8CB44 /* ASIS3ObjectRequest.m */ = {isa = PBXFileReference; fileEncoding = 4; lastKnownFileType = sourcecode.c.objc; path = ASIS3ObjectRequest.m; sourceTree = "<group>"; };
		32ABCDD21626F57D00C8CB44 /* ASIS3Request.h */ = {isa = PBXFileReference; fileEncoding = 4; lastKnownFileType = sourcecode.c.h; path = ASIS3Request.h; sourceTree = "<group>"; };
		32ABCDD31626F57D00C8CB44 /* ASIS3Request.m */ = {isa = PBXFileReference; fileEncoding = 4; lastKnownFileType = sourcecode.c.objc; path = ASIS3Request.m; sourceTree = "<group>"; };
		32ABCDD41626F57D00C8CB44 /* ASIS3ServiceRequest.h */ = {isa = PBXFileReference; fileEncoding = 4; lastKnownFileType = sourcecode.c.h; path = ASIS3ServiceRequest.h; sourceTree = "<group>"; };
		32ABCDD51626F57D00C8CB44 /* ASIS3ServiceRequest.m */ = {isa = PBXFileReference; fileEncoding = 4; lastKnownFileType = sourcecode.c.objc; path = ASIS3ServiceRequest.m; sourceTree = "<group>"; };
		32ABCDFC1627058800C8CB44 /* CheckNetwork.h */ = {isa = PBXFileReference; fileEncoding = 4; lastKnownFileType = sourcecode.c.h; path = CheckNetwork.h; sourceTree = "<group>"; };
		32ABCDFD1627058800C8CB44 /* CheckNetwork.m */ = {isa = PBXFileReference; fileEncoding = 4; lastKnownFileType = sourcecode.c.objc; path = CheckNetwork.m; sourceTree = "<group>"; };
		32ABCDFE1627058800C8CB44 /* Reachability.h */ = {isa = PBXFileReference; fileEncoding = 4; lastKnownFileType = sourcecode.c.h; path = Reachability.h; sourceTree = "<group>"; };
		32ABCDFF1627058800C8CB44 /* Reachability.m */ = {isa = PBXFileReference; fileEncoding = 4; lastKnownFileType = sourcecode.c.objc; path = Reachability.m; sourceTree = "<group>"; };
		32ABCE03162705E700C8CB44 /* CFNetwork.framework */ = {isa = PBXFileReference; lastKnownFileType = wrapper.framework; name = CFNetwork.framework; path = System/Library/Frameworks/CFNetwork.framework; sourceTree = SDKROOT; };
		32ABCE051627064100C8CB44 /* libz.dylib */ = {isa = PBXFileReference; lastKnownFileType = "compiled.mach-o.dylib"; name = libz.dylib; path = usr/lib/libz.dylib; sourceTree = SDKROOT; };
		32ABCE09162706D500C8CB44 /* QuartzCore.framework */ = {isa = PBXFileReference; lastKnownFileType = wrapper.framework; name = QuartzCore.framework; path = System/Library/Frameworks/QuartzCore.framework; sourceTree = SDKROOT; };
		32ABCE0B162706EC00C8CB44 /* SystemConfiguration.framework */ = {isa = PBXFileReference; lastKnownFileType = wrapper.framework; name = SystemConfiguration.framework; path = System/Library/Frameworks/SystemConfiguration.framework; sourceTree = SDKROOT; };
		32ABCE0F1627074300C8CB44 /* MobileCoreServices.framework */ = {isa = PBXFileReference; lastKnownFileType = wrapper.framework; name = MobileCoreServices.framework; path = System/Library/Frameworks/MobileCoreServices.framework; sourceTree = SDKROOT; };
		32ABCE271627BBBB00C8CB44 /* searchResultCell.h */ = {isa = PBXFileReference; fileEncoding = 4; lastKnownFileType = sourcecode.c.h; path = searchResultCell.h; sourceTree = "<group>"; };
		32ABCE281627BBBB00C8CB44 /* searchResultCell.m */ = {isa = PBXFileReference; fileEncoding = 4; lastKnownFileType = sourcecode.c.objc; path = searchResultCell.m; sourceTree = "<group>"; };
		32ABCE2B1627BC8000C8CB44 /* FLImageView.h */ = {isa = PBXFileReference; fileEncoding = 4; lastKnownFileType = sourcecode.c.h; path = FLImageView.h; sourceTree = "<group>"; };
		32ABCE2C1627BC8000C8CB44 /* FLImageView.m */ = {isa = PBXFileReference; fileEncoding = 4; lastKnownFileType = sourcecode.c.objc; path = FLImageView.m; sourceTree = "<group>"; };
		32ABCE2D1627BC8000C8CB44 /* FullyLoaded.h */ = {isa = PBXFileReference; fileEncoding = 4; lastKnownFileType = sourcecode.c.h; path = FullyLoaded.h; sourceTree = "<group>"; };
		32ABCE2E1627BC8000C8CB44 /* FullyLoaded.m */ = {isa = PBXFileReference; fileEncoding = 4; lastKnownFileType = sourcecode.c.objc; path = FullyLoaded.m; sourceTree = "<group>"; };
		32ABCE2F1627BC8000C8CB44 /* SynthesizeSingleton.h */ = {isa = PBXFileReference; fileEncoding = 4; lastKnownFileType = sourcecode.c.h; path = SynthesizeSingleton.h; sourceTree = "<group>"; };
		32ABCE4216280C9600C8CB44 /* DetailViewController.m */ = {isa = PBXFileReference; fileEncoding = 4; lastKnownFileType = sourcecode.c.objc; path = DetailViewController.m; sourceTree = "<group>"; };
		32ABCE4316280C9600C8CB44 /* DetailViewController.xib */ = {isa = PBXFileReference; fileEncoding = 4; lastKnownFileType = file.xib; path = DetailViewController.xib; sourceTree = "<group>"; };
		32ABCE4416280C9600C8CB44 /* DetailViewController.h */ = {isa = PBXFileReference; fileEncoding = 4; lastKnownFileType = sourcecode.c.h; path = DetailViewController.h; sourceTree = "<group>"; };
/* End PBXFileReference section */

/* Begin PBXFrameworksBuildPhase section */
		32ABCD441626DDA000C8CB44 /* Frameworks */ = {
			isa = PBXFrameworksBuildPhase;
			buildActionMask = 2147483647;
			files = (
				32ABCE101627074300C8CB44 /* MobileCoreServices.framework in Frameworks */,
				32ABCE0C162706EC00C8CB44 /* SystemConfiguration.framework in Frameworks */,
				32ABCE0A162706D500C8CB44 /* QuartzCore.framework in Frameworks */,
				32ABCE061627064100C8CB44 /* libz.dylib in Frameworks */,
				32ABCE04162705E800C8CB44 /* CFNetwork.framework in Frameworks */,
				32ABCD4C1626DDA000C8CB44 /* UIKit.framework in Frameworks */,
				32ABCD4E1626DDA000C8CB44 /* Foundation.framework in Frameworks */,
				32ABCD501626DDA000C8CB44 /* CoreGraphics.framework in Frameworks */,
			);
			runOnlyForDeploymentPostprocessing = 0;
		};
/* End PBXFrameworksBuildPhase section */

/* Begin PBXGroup section */
		32ABCD3C1626DDA000C8CB44 = {
			isa = PBXGroup;
			children = (
				32ABCD511626DDA000C8CB44 /* SearchDouban */,
				32ABCD4A1626DDA000C8CB44 /* Frameworks */,
				32ABCD481626DDA000C8CB44 /* Products */,
			);
			sourceTree = "<group>";
		};
		32ABCD481626DDA000C8CB44 /* Products */ = {
			isa = PBXGroup;
			children = (
				32ABCD471626DDA000C8CB44 /* SearchDouban.app */,
			);
			name = Products;
			sourceTree = "<group>";
		};
		32ABCD4A1626DDA000C8CB44 /* Frameworks */ = {
			isa = PBXGroup;
			children = (
				32ABCE051627064100C8CB44 /* libz.dylib */,
				32ABCE0F1627074300C8CB44 /* MobileCoreServices.framework */,
				32ABCE0B162706EC00C8CB44 /* SystemConfiguration.framework */,
				32ABCE09162706D500C8CB44 /* QuartzCore.framework */,
				32ABCE03162705E700C8CB44 /* CFNetwork.framework */,
				32ABCD4B1626DDA000C8CB44 /* UIKit.framework */,
				32ABCD4D1626DDA000C8CB44 /* Foundation.framework */,
				32ABCD4F1626DDA000C8CB44 /* CoreGraphics.framework */,
			);
			name = Frameworks;
			sourceTree = "<group>";
		};
		32ABCD511626DDA000C8CB44 /* SearchDouban */ = {
			isa = PBXGroup;
			children = (
				32ABCE2A1627BC8000C8CB44 /* ImgaeCache */,
				32ABCDFB1627058800C8CB44 /* NetWorkChecking */,
				32ABCDA31626F57D00C8CB44 /* ASIHttpClient */,
				32ABCD7D1626ED1F00C8CB44 /* SBJson */,
				32ABCD5A1626DDA000C8CB44 /* AppDelegate.h */,
				32ABCD5B1626DDA000C8CB44 /* AppDelegate.m */,
				32ABCD6B1626DF0400C8CB44 /* SeaechKindViewController.h */,
				32ABCD6C1626DF0400C8CB44 /* SeaechKindViewController.m */,
				32ABCD6D1626DF0400C8CB44 /* SeaechKindViewController.xib */,
				32ABCD7C1626EA0E00C8CB44 /* MacroDef.h */,
				32ABCE271627BBBB00C8CB44 /* searchResultCell.h */,
				32ABCE281627BBBB00C8CB44 /* searchResultCell.m */,
				32ABCE4216280C9600C8CB44 /* DetailViewController.m */,
				32ABCE4316280C9600C8CB44 /* DetailViewController.xib */,
				32ABCE4416280C9600C8CB44 /* DetailViewController.h */,
				32ABCD521626DDA000C8CB44 /* Supporting Files */,
			);
			path = SearchDouban;
			sourceTree = "<group>";
		};
		32ABCD521626DDA000C8CB44 /* Supporting Files */ = {
			isa = PBXGroup;
			children = (
				32ABCD531626DDA000C8CB44 /* SearchDouban-Info.plist */,
				32ABCD541626DDA000C8CB44 /* InfoPlist.strings */,
				32ABCD571626DDA000C8CB44 /* main.m */,
				32ABCD591626DDA000C8CB44 /* SearchDouban-Prefix.pch */,
			);
			name = "Supporting Files";
			sourceTree = "<group>";
		};
		32ABCD7D1626ED1F00C8CB44 /* SBJson */ = {
			isa = PBXGroup;
			children = (
				32ABCD7E1626F50300C8CB44 /* NSObject+SBJson.h */,
				32ABCD7F1626F50300C8CB44 /* NSObject+SBJson.m */,
				32ABCD801626F50300C8CB44 /* SBJson.h */,
				32ABCD811626F50300C8CB44 /* SBJsonParser.h */,
				32ABCD821626F50300C8CB44 /* SBJsonParser.m */,
				32ABCD831626F50300C8CB44 /* SBJsonStreamParser.h */,
				32ABCD841626F50300C8CB44 /* SBJsonStreamParser.m */,
				32ABCD851626F50300C8CB44 /* SBJsonStreamParserAccumulator.h */,
				32ABCD861626F50300C8CB44 /* SBJsonStreamParserAccumulator.m */,
				32ABCD871626F50300C8CB44 /* SBJsonStreamParserAdapter.h */,
				32ABCD881626F50300C8CB44 /* SBJsonStreamParserAdapter.m */,
				32ABCD891626F50300C8CB44 /* SBJsonStreamParserState.h */,
				32ABCD8A1626F50300C8CB44 /* SBJsonStreamParserState.m */,
				32ABCD8B1626F50300C8CB44 /* SBJsonStreamWriter.h */,
				32ABCD8C1626F50300C8CB44 /* SBJsonStreamWriter.m */,
				32ABCD8D1626F50300C8CB44 /* SBJsonStreamWriterAccumulator.h */,
				32ABCD8E1626F50300C8CB44 /* SBJsonStreamWriterAccumulator.m */,
				32ABCD8F1626F50300C8CB44 /* SBJsonStreamWriterState.h */,
				32ABCD901626F50300C8CB44 /* SBJsonStreamWriterState.m */,
				32ABCD911626F50300C8CB44 /* SBJsonTokeniser.h */,
				32ABCD921626F50300C8CB44 /* SBJsonTokeniser.m */,
				32ABCD931626F50300C8CB44 /* SBJsonUTF8Stream.h */,
				32ABCD941626F50300C8CB44 /* SBJsonUTF8Stream.m */,
				32ABCD951626F50300C8CB44 /* SBJsonWriter.h */,
				32ABCD961626F50300C8CB44 /* SBJsonWriter.m */,
			);
			name = SBJson;
			sourceTree = "<group>";
		};
		32ABCDA31626F57D00C8CB44 /* ASIHttpClient */ = {
			isa = PBXGroup;
			children = (
				32ABCDA41626F57D00C8CB44 /* Classes */,
			);
			path = ASIHttpClient;
			sourceTree = "<group>";
		};
		32ABCDA41626F57D00C8CB44 /* Classes */ = {
			isa = PBXGroup;
			children = (
				32ABCDA51626F57D00C8CB44 /* ASIAuthenticationDialog.h */,
				32ABCDA61626F57D00C8CB44 /* ASIAuthenticationDialog.m */,
				32ABCDA71626F57D00C8CB44 /* ASICacheDelegate.h */,
				32ABCDA81626F57D00C8CB44 /* ASIDataCompressor.h */,
				32ABCDA91626F57D00C8CB44 /* ASIDataCompressor.m */,
				32ABCDAA1626F57D00C8CB44 /* ASIDataDecompressor.h */,
				32ABCDAB1626F57D00C8CB44 /* ASIDataDecompressor.m */,
				32ABCDAC1626F57D00C8CB44 /* ASIDownloadCache.h */,
				32ABCDAD1626F57D00C8CB44 /* ASIDownloadCache.m */,
				32ABCDAE1626F57D00C8CB44 /* ASIFormDataRequest.h */,
				32ABCDAF1626F57D00C8CB44 /* ASIFormDataRequest.m */,
				32ABCDB01626F57D00C8CB44 /* ASIHTTPRequest.h */,
				32ABCDB11626F57D00C8CB44 /* ASIHTTPRequest.m */,
				32ABCDB21626F57D00C8CB44 /* ASIHTTPRequestConfig.h */,
				32ABCDB31626F57D00C8CB44 /* ASIHTTPRequestDelegate.h */,
				32ABCDB41626F57D00C8CB44 /* ASIInputStream.h */,
				32ABCDB51626F57D00C8CB44 /* ASIInputStream.m */,
				32ABCDB61626F57D00C8CB44 /* ASINetworkQueue.h */,
				32ABCDB71626F57D00C8CB44 /* ASINetworkQueue.m */,
				32ABCDB81626F57D00C8CB44 /* ASIProgressDelegate.h */,
				32ABCDB91626F57D00C8CB44 /* CloudFiles */,
				32ABCDC81626F57D00C8CB44 /* S3 */,
			);
			path = Classes;
			sourceTree = "<group>";
		};
		32ABCDB91626F57D00C8CB44 /* CloudFiles */ = {
			isa = PBXGroup;
			children = (
				32ABCDBA1626F57D00C8CB44 /* ASICloudFilesCDNRequest.h */,
				32ABCDBB1626F57D00C8CB44 /* ASICloudFilesCDNRequest.m */,
				32ABCDBC1626F57D00C8CB44 /* ASICloudFilesContainer.h */,
				32ABCDBD1626F57D00C8CB44 /* ASICloudFilesContainer.m */,
				32ABCDBE1626F57D00C8CB44 /* ASICloudFilesContainerRequest.h */,
				32ABCDBF1626F57D00C8CB44 /* ASICloudFilesContainerRequest.m */,
				32ABCDC01626F57D00C8CB44 /* ASICloudFilesContainerXMLParserDelegate.h */,
				32ABCDC11626F57D00C8CB44 /* ASICloudFilesContainerXMLParserDelegate.m */,
				32ABCDC21626F57D00C8CB44 /* ASICloudFilesObject.h */,
				32ABCDC31626F57D00C8CB44 /* ASICloudFilesObject.m */,
				32ABCDC41626F57D00C8CB44 /* ASICloudFilesObjectRequest.h */,
				32ABCDC51626F57D00C8CB44 /* ASICloudFilesObjectRequest.m */,
				32ABCDC61626F57D00C8CB44 /* ASICloudFilesRequest.h */,
				32ABCDC71626F57D00C8CB44 /* ASICloudFilesRequest.m */,
			);
			path = CloudFiles;
			sourceTree = "<group>";
		};
		32ABCDC81626F57D00C8CB44 /* S3 */ = {
			isa = PBXGroup;
			children = (
				32ABCDC91626F57D00C8CB44 /* ASINSXMLParserCompat.h */,
				32ABCDCA1626F57D00C8CB44 /* ASIS3Bucket.h */,
				32ABCDCB1626F57D00C8CB44 /* ASIS3Bucket.m */,
				32ABCDCC1626F57D00C8CB44 /* ASIS3BucketObject.h */,
				32ABCDCD1626F57D00C8CB44 /* ASIS3BucketObject.m */,
				32ABCDCE1626F57D00C8CB44 /* ASIS3BucketRequest.h */,
				32ABCDCF1626F57D00C8CB44 /* ASIS3BucketRequest.m */,
				32ABCDD01626F57D00C8CB44 /* ASIS3ObjectRequest.h */,
				32ABCDD11626F57D00C8CB44 /* ASIS3ObjectRequest.m */,
				32ABCDD21626F57D00C8CB44 /* ASIS3Request.h */,
				32ABCDD31626F57D00C8CB44 /* ASIS3Request.m */,
				32ABCDD41626F57D00C8CB44 /* ASIS3ServiceRequest.h */,
				32ABCDD51626F57D00C8CB44 /* ASIS3ServiceRequest.m */,
			);
			path = S3;
			sourceTree = "<group>";
		};
		32ABCDFB1627058800C8CB44 /* NetWorkChecking */ = {
			isa = PBXGroup;
			children = (
				32ABCDFC1627058800C8CB44 /* CheckNetwork.h */,
				32ABCDFD1627058800C8CB44 /* CheckNetwork.m */,
				32ABCDFE1627058800C8CB44 /* Reachability.h */,
				32ABCDFF1627058800C8CB44 /* Reachability.m */,
			);
			path = NetWorkChecking;
			sourceTree = "<group>";
		};
		32ABCE2A1627BC8000C8CB44 /* ImgaeCache */ = {
			isa = PBXGroup;
			children = (
				32ABCE2B1627BC8000C8CB44 /* FLImageView.h */,
				32ABCE2C1627BC8000C8CB44 /* FLImageView.m */,
				32ABCE2D1627BC8000C8CB44 /* FullyLoaded.h */,
				32ABCE2E1627BC8000C8CB44 /* FullyLoaded.m */,
				32ABCE2F1627BC8000C8CB44 /* SynthesizeSingleton.h */,
			);
			path = ImgaeCache;
			sourceTree = "<group>";
		};
/* End PBXGroup section */

/* Begin PBXNativeTarget section */
		32ABCD461626DDA000C8CB44 /* SearchDouban */ = {
			isa = PBXNativeTarget;
			buildConfigurationList = 32ABCD651626DDA000C8CB44 /* Build configuration list for PBXNativeTarget "SearchDouban" */;
			buildPhases = (
				32ABCD431626DDA000C8CB44 /* Sources */,
				32ABCD441626DDA000C8CB44 /* Frameworks */,
				32ABCD451626DDA000C8CB44 /* Resources */,
			);
			buildRules = (
			);
			dependencies = (
			);
			name = SearchDouban;
			productName = SearchDouban;
			productReference = 32ABCD471626DDA000C8CB44 /* SearchDouban.app */;
			productType = "com.apple.product-type.application";
		};
/* End PBXNativeTarget section */

/* Begin PBXProject section */
		32ABCD3E1626DDA000C8CB44 /* Project object */ = {
			isa = PBXProject;
			attributes = {
				LastUpgradeCheck = 0430;
			};
			buildConfigurationList = 32ABCD411626DDA000C8CB44 /* Build configuration list for PBXProject "SearchDouban" */;
			compatibilityVersion = "Xcode 3.2";
			developmentRegion = English;
			hasScannedForEncodings = 0;
			knownRegions = (
				en,
			);
			mainGroup = 32ABCD3C1626DDA000C8CB44;
			productRefGroup = 32ABCD481626DDA000C8CB44 /* Products */;
			projectDirPath = "";
			projectRoot = "";
			targets = (
				32ABCD461626DDA000C8CB44 /* SearchDouban */,
			);
		};
/* End PBXProject section */

/* Begin PBXResourcesBuildPhase section */
		32ABCD451626DDA000C8CB44 /* Resources */ = {
			isa = PBXResourcesBuildPhase;
			buildActionMask = 2147483647;
			files = (
				32ABCD561626DDA000C8CB44 /* InfoPlist.strings in Resources */,
				32ABCD6F1626DF0400C8CB44 /* SeaechKindViewController.xib in Resources */,
				32ABCE4616280C9600C8CB44 /* DetailViewController.xib in Resources */,
			);
			runOnlyForDeploymentPostprocessing = 0;
		};
/* End PBXResourcesBuildPhase section */

/* Begin PBXSourcesBuildPhase section */
		32ABCD431626DDA000C8CB44 /* Sources */ = {
			isa = PBXSourcesBuildPhase;
			buildActionMask = 2147483647;
			files = (
				32ABCD581626DDA000C8CB44 /* main.m in Sources */,
				32ABCD5C1626DDA000C8CB44 /* AppDelegate.m in Sources */,
				32ABCD6E1626DF0400C8CB44 /* SeaechKindViewController.m in Sources */,
				32ABCD971626F50300C8CB44 /* NSObject+SBJson.m in Sources */,
				32ABCD981626F50300C8CB44 /* SBJsonParser.m in Sources */,
				32ABCD991626F50300C8CB44 /* SBJsonStreamParser.m in Sources */,
				32ABCD9A1626F50300C8CB44 /* SBJsonStreamParserAccumulator.m in Sources */,
				32ABCD9B1626F50300C8CB44 /* SBJsonStreamParserAdapter.m in Sources */,
				32ABCD9C1626F50300C8CB44 /* SBJsonStreamParserState.m in Sources */,
				32ABCD9D1626F50300C8CB44 /* SBJsonStreamWriter.m in Sources */,
				32ABCD9E1626F50300C8CB44 /* SBJsonStreamWriterAccumulator.m in Sources */,
				32ABCD9F1626F50300C8CB44 /* SBJsonStreamWriterState.m in Sources */,
				32ABCDA01626F50300C8CB44 /* SBJsonTokeniser.m in Sources */,
				32ABCDA11626F50300C8CB44 /* SBJsonUTF8Stream.m in Sources */,
				32ABCDA21626F50300C8CB44 /* SBJsonWriter.m in Sources */,
				32ABCDD61626F57D00C8CB44 /* ASIAuthenticationDialog.m in Sources */,
				32ABCDD71626F57D00C8CB44 /* ASIDataCompressor.m in Sources */,
				32ABCDD81626F57D00C8CB44 /* ASIDataDecompressor.m in Sources */,
				32ABCDD91626F57D00C8CB44 /* ASIDownloadCache.m in Sources */,
				32ABCDDA1626F57D00C8CB44 /* ASIFormDataRequest.m in Sources */,
				32ABCDDB1626F57D00C8CB44 /* ASIHTTPRequest.m in Sources */,
				32ABCDDC1626F57D00C8CB44 /* ASIInputStream.m in Sources */,
				32ABCDDD1626F57D00C8CB44 /* ASINetworkQueue.m in Sources */,
				32ABCDDE1626F57D00C8CB44 /* ASICloudFilesCDNRequest.m in Sources */,
				32ABCDDF1626F57D00C8CB44 /* ASICloudFilesContainer.m in Sources */,
				32ABCDE01626F57D00C8CB44 /* ASICloudFilesContainerRequest.m in Sources */,
				32ABCDE11626F57D00C8CB44 /* ASICloudFilesContainerXMLParserDelegate.m in Sources */,
				32ABCDE21626F57D00C8CB44 /* ASICloudFilesObject.m in Sources */,
				32ABCDE31626F57D00C8CB44 /* ASICloudFilesObjectRequest.m in Sources */,
				32ABCDE41626F57D00C8CB44 /* ASICloudFilesRequest.m in Sources */,
				32ABCDE51626F57D00C8CB44 /* ASIS3Bucket.m in Sources */,
				32ABCDE61626F57D00C8CB44 /* ASIS3BucketObject.m in Sources */,
				32ABCDE71626F57D00C8CB44 /* ASIS3BucketRequest.m in Sources */,
				32ABCDE81626F57D00C8CB44 /* ASIS3ObjectRequest.m in Sources */,
				32ABCDE91626F57D00C8CB44 /* ASIS3Request.m in Sources */,
				32ABCDEA1626F57D00C8CB44 /* ASIS3ServiceRequest.m in Sources */,
				32ABCE001627058800C8CB44 /* CheckNetwork.m in Sources */,
				32ABCE011627058800C8CB44 /* Reachability.m in Sources */,
				32ABCE291627BBBB00C8CB44 /* searchResultCell.m in Sources */,
				32ABCE301627BC8000C8CB44 /* FLImageView.m in Sources */,
				32ABCE311627BC8000C8CB44 /* FullyLoaded.m in Sources */,
				32ABCE4516280C9600C8CB44 /* DetailViewController.m in Sources */,
			);
			runOnlyForDeploymentPostprocessing = 0;
		};
/* End PBXSourcesBuildPhase section */

/* Begin PBXVariantGroup section */
		32ABCD541626DDA000C8CB44 /* InfoPlist.strings */ = {
			isa = PBXVariantGroup;
			children = (
				32ABCD551626DDA000C8CB44 /* en */,
			);
			name = InfoPlist.strings;
			sourceTree = "<group>";
		};
/* End PBXVariantGroup section */

/* Begin XCBuildConfiguration section */
		32ABCD631626DDA000C8CB44 /* Debug */ = {
			isa = XCBuildConfiguration;
			buildSettings = {
				ALWAYS_SEARCH_USER_PATHS = NO;
				ARCHS = "$(ARCHS_STANDARD_32_BIT)";
				"CODE_SIGN_IDENTITY[sdk=iphoneos*]" = "iPhone Developer";
				COPY_PHASE_STRIP = NO;
				GCC_C_LANGUAGE_STANDARD = gnu99;
				GCC_DYNAMIC_NO_PIC = NO;
				GCC_OPTIMIZATION_LEVEL = 0;
				GCC_PREPROCESSOR_DEFINITIONS = (
					"DEBUG=1",
					"$(inherited)",
				);
				GCC_SYMBOLS_PRIVATE_EXTERN = NO;
				GCC_VERSION = com.apple.compilers.llvm.clang.1_0;
				GCC_WARN_ABOUT_RETURN_TYPE = YES;
				GCC_WARN_UNINITIALIZED_AUTOS = YES;
				GCC_WARN_UNUSED_VARIABLE = YES;
				IPHONEOS_DEPLOYMENT_TARGET = 5.1;
				SDKROOT = iphoneos;
			};
			name = Debug;
		};
		32ABCD641626DDA000C8CB44 /* Release */ = {
			isa = XCBuildConfiguration;
			buildSettings = {
				ALWAYS_SEARCH_USER_PATHS = NO;
				ARCHS = "$(ARCHS_STANDARD_32_BIT)";
				"CODE_SIGN_IDENTITY[sdk=iphoneos*]" = "iPhone Developer";
				COPY_PHASE_STRIP = YES;
				GCC_C_LANGUAGE_STANDARD = gnu99;
				GCC_VERSION = com.apple.compilers.llvm.clang.1_0;
				GCC_WARN_ABOUT_RETURN_TYPE = YES;
				GCC_WARN_UNINITIALIZED_AUTOS = YES;
				GCC_WARN_UNUSED_VARIABLE = YES;
				IPHONEOS_DEPLOYMENT_TARGET = 5.1;
				OTHER_CFLAGS = "-DNS_BLOCK_ASSERTIONS=1";
				SDKROOT = iphoneos;
				VALIDATE_PRODUCT = YES;
			};
			name = Release;
		};
		32ABCD661626DDA000C8CB44 /* Debug */ = {
			isa = XCBuildConfiguration;
			buildSettings = {
				GCC_PRECOMPILE_PREFIX_HEADER = YES;
				GCC_PREFIX_HEADER = "SearchDouban/SearchDouban-Prefix.pch";
				INFOPLIST_FILE = "SearchDouban/SearchDouban-Info.plist";
				PRODUCT_NAME = "$(TARGET_NAME)";
				WRAPPER_EXTENSION = app;
			};
			name = Debug;
		};
		32ABCD671626DDA000C8CB44 /* Release */ = {
			isa = XCBuildConfiguration;
			buildSettings = {
				GCC_PRECOMPILE_PREFIX_HEADER = YES;
				GCC_PREFIX_HEADER = "SearchDouban/SearchDouban-Prefix.pch";
				INFOPLIST_FILE = "SearchDouban/SearchDouban-Info.plist";
				PRODUCT_NAME = "$(TARGET_NAME)";
				WRAPPER_EXTENSION = app;
			};
			name = Release;
		};
/* End XCBuildConfiguration section */

/* Begin XCConfigurationList section */
		32ABCD411626DDA000C8CB44 /* Build configuration list for PBXProject "SearchDouban" */ = {
			isa = XCConfigurationList;
			buildConfigurations = (
				32ABCD631626DDA000C8CB44 /* Debug */,
				32ABCD641626DDA000C8CB44 /* Release */,
			);
			defaultConfigurationIsVisible = 0;
			defaultConfigurationName = Release;
		};
		32ABCD651626DDA000C8CB44 /* Build configuration list for PBXNativeTarget "SearchDouban" */ = {
			isa = XCConfigurationList;
			buildConfigurations = (
				32ABCD661626DDA000C8CB44 /* Debug */,
				32ABCD671626DDA000C8CB44 /* Release */,
			);
			defaultConfigurationIsVisible = 0;
			defaultConfigurationName = Release;
		};
/* End XCConfigurationList section */
	};
	rootObject = 32ABCD3E1626DDA000C8CB44 /* Project object */;
}
